// !$*UTF8*$!
{
	archiveVersion = 1;
	classes = {
	};
	objectVersion = 50;
	objects = {

/* Begin PBXBuildFile section */
		ED80E2C120C804BE00DCA846 /* AppDelegate.swift in Sources */ = {isa = PBXBuildFile; fileRef = ED80E2C020C804BE00DCA846 /* AppDelegate.swift */; };
		ED80E2C320C804BE00DCA846 /* ViewController.swift in Sources */ = {isa = PBXBuildFile; fileRef = ED80E2C220C804BE00DCA846 /* ViewController.swift */; };
		ED80E2C620C804BE00DCA846 /* Main.storyboard in Resources */ = {isa = PBXBuildFile; fileRef = ED80E2C420C804BE00DCA846 /* Main.storyboard */; };
		ED80E2C820C804C000DCA846 /* Assets.xcassets in Resources */ = {isa = PBXBuildFile; fileRef = ED80E2C720C804C000DCA846 /* Assets.xcassets */; };
		ED80E2CB20C804C000DCA846 /* LaunchScreen.storyboard in Resources */ = {isa = PBXBuildFile; fileRef = ED80E2C920C804C000DCA846 /* LaunchScreen.storyboard */; };
		ED80E2D520C8052C00DCA846 /* Intents.framework in Frameworks */ = {isa = PBXBuildFile; fileRef = ED80E2D420C8052C00DCA846 /* Intents.framework */; };
/* End PBXBuildFile section */

/* Begin PBXFileReference section */
		ED80E2BD20C804BE00DCA846 /* SiriShortcutsTutorial.app */ = {isa = PBXFileReference; explicitFileType = wrapper.application; includeInIndex = 0; path = SiriShortcutsTutorial.app; sourceTree = BUILT_PRODUCTS_DIR; };
		ED80E2C020C804BE00DCA846 /* AppDelegate.swift */ = {isa = PBXFileReference; lastKnownFileType = sourcecode.swift; path = AppDelegate.swift; sourceTree = "<group>"; };
		ED80E2C220C804BE00DCA846 /* ViewController.swift */ = {isa = PBXFileReference; lastKnownFileType = sourcecode.swift; path = ViewController.swift; sourceTree = "<group>"; };
		ED80E2C520C804BE00DCA846 /* Base */ = {isa = PBXFileReference; lastKnownFileType = file.storyboard; name = Base; path = Base.lproj/Main.storyboard; sourceTree = "<group>"; };
		ED80E2C720C804C000DCA846 /* Assets.xcassets */ = {isa = PBXFileReference; lastKnownFileType = folder.assetcatalog; path = Assets.xcassets; sourceTree = "<group>"; };
		ED80E2CA20C804C000DCA846 /* Base */ = {isa = PBXFileReference; lastKnownFileType = file.storyboard; name = Base; path = Base.lproj/LaunchScreen.storyboard; sourceTree = "<group>"; };
		ED80E2CC20C804C000DCA846 /* Info.plist */ = {isa = PBXFileReference; lastKnownFileType = text.plist.xml; path = Info.plist; sourceTree = "<group>"; };
		ED80E2D220C8050600DCA846 /* SiriShortcutsTutorial.entitlements */ = {isa = PBXFileReference; lastKnownFileType = text.plist.entitlements; path = SiriShortcutsTutorial.entitlements; sourceTree = "<group>"; };
		ED80E2D420C8052C00DCA846 /* Intents.framework */ = {isa = PBXFileReference; lastKnownFileType = wrapper.framework; name = Intents.framework; path = System/Library/Frameworks/Intents.framework; sourceTree = SDKROOT; };
/* End PBXFileReference section */

/* Begin PBXFrameworksBuildPhase section */
		ED80E2BA20C804BE00DCA846 /* Frameworks */ = {
			isa = PBXFrameworksBuildPhase;
			buildActionMask = 2147483647;
			files = (
				ED80E2D520C8052C00DCA846 /* Intents.framework in Frameworks */,
			);
			runOnlyForDeploymentPostprocessing = 0;
		};
/* End PBXFrameworksBuildPhase section */

/* Begin PBXGroup section */
		ED80E2B420C804BE00DCA846 = {
			isa = PBXGroup;
			children = (
				ED80E2BF20C804BE00DCA846 /* SiriShortcutsTutorial */,
				ED80E2BE20C804BE00DCA846 /* Products */,
				ED80E2D320C8052C00DCA846 /* Frameworks */,
			);
			sourceTree = "<group>";
		};
		ED80E2BE20C804BE00DCA846 /* Products */ = {
			isa = PBXGroup;
			children = (
				ED80E2BD20C804BE00DCA846 /* SiriShortcutsTutorial.app */,
			);
			name = Products;
			sourceTree = "<group>";
		};
		ED80E2BF20C804BE00DCA846 /* SiriShortcutsTutorial */ = {
			isa = PBXGroup;
			children = (
				ED80E2D220C8050600DCA846 /* SiriShortcutsTutorial.entitlements */,
				ED80E2C020C804BE00DCA846 /* AppDelegate.swift */,
				ED80E2C220C804BE00DCA846 /* ViewController.swift */,
				ED80E2C420C804BE00DCA846 /* Main.storyboard */,
				ED80E2C720C804C000DCA846 /* Assets.xcassets */,
				ED80E2C920C804C000DCA846 /* LaunchScreen.storyboard */,
				ED80E2CC20C804C000DCA846 /* Info.plist */,
			);
			path = SiriShortcutsTutorial;
			sourceTree = "<group>";
		};
		ED80E2D320C8052C00DCA846 /* Frameworks */ = {
			isa = PBXGroup;
			children = (
				ED80E2D420C8052C00DCA846 /* Intents.framework */,
			);
			name = Frameworks;
			sourceTree = "<group>";
		};
/* End PBXGroup section */

/* Begin PBXNativeTarget section */
		ED80E2BC20C804BE00DCA846 /* SiriShortcutsTutorial */ = {
			isa = PBXNativeTarget;
			buildConfigurationList = ED80E2CF20C804C000DCA846 /* Build configuration list for PBXNativeTarget "SiriShortcutsTutorial" */;
			buildPhases = (
				ED80E2B920C804BE00DCA846 /* Sources */,
				ED80E2BA20C804BE00DCA846 /* Frameworks */,
				ED80E2BB20C804BE00DCA846 /* Resources */,
			);
			buildRules = (
			);
			dependencies = (
			);
			name = SiriShortcutsTutorial;
			productName = SiriShortcutsTutorial;
			productReference = ED80E2BD20C804BE00DCA846 /* SiriShortcutsTutorial.app */;
			productType = "com.apple.product-type.application";
		};
/* End PBXNativeTarget section */

/* Begin PBXProject section */
		ED80E2B520C804BE00DCA846 /* Project object */ = {
			isa = PBXProject;
			attributes = {
				LastSwiftUpdateCheck = 1000;
				LastUpgradeCheck = 1000;
				ORGANIZATIONNAME = "Anton Kuznetsov";
				TargetAttributes = {
					ED80E2BC20C804BE00DCA846 = {
						CreatedOnToolsVersion = 10.0;
						SystemCapabilities = {
							com.apple.Siri = {
								enabled = 1;
							};
						};
					};
				};
			};
			buildConfigurationList = ED80E2B820C804BE00DCA846 /* Build configuration list for PBXProject "SiriShortcutsTutorial" */;
			compatibilityVersion = "Xcode 9.3";
			developmentRegion = en;
			hasScannedForEncodings = 0;
			knownRegions = (
				en,
				Base,
			);
			mainGroup = ED80E2B420C804BE00DCA846;
			productRefGroup = ED80E2BE20C804BE00DCA846 /* Products */;
			projectDirPath = "";
			projectRoot = "";
			targets = (
				ED80E2BC20C804BE00DCA846 /* SiriShortcutsTutorial */,
			);
		};
/* End PBXProject section */

/* Begin PBXResourcesBuildPhase section */
		ED80E2BB20C804BE00DCA846 /* Resources */ = {
			isa = PBXResourcesBuildPhase;
			buildActionMask = 2147483647;
			files = (
				ED80E2CB20C804C000DCA846 /* LaunchScreen.storyboard in Resources */,
				ED80E2C820C804C000DCA846 /* Assets.xcassets in Resources */,
				ED80E2C620C804BE00DCA846 /* Main.storyboard in Resources */,
			);
			runOnlyForDeploymentPostprocessing = 0;
		};
/* End PBXResourcesBuildPhase section */

/* Begin PBXSourcesBuildPhase section */
		ED80E2B920C804BE00DCA846 /* Sources */ = {
			isa = PBXSourcesBuildPhase;
			buildActionMask = 2147483647;
			files = (
				ED80E2C320C804BE00DCA846 /* ViewController.swift in Sources */,
				ED80E2C120C804BE00DCA846 /* AppDelegate.swift in Sources */,
			);
			runOnlyForDeploymentPostprocessing = 0;
		};
/* End PBXSourcesBuildPhase section */

/* Begin PBXVariantGroup section */
		ED80E2C420C804BE00DCA846 /* Main.storyboard */ = {
			isa = PBXVariantGroup;
			children = (
				ED80E2C520C804BE00DCA846 /* Base */,
			);
			name = Main.storyboard;
			sourceTree = "<group>";
		};
		ED80E2C920C804C000DCA846 /* LaunchScreen.storyboard */ = {
			isa = PBXVariantGroup;
			children = (
				ED80E2CA20C804C000DCA846 /* Base */,
			);
			name = LaunchScreen.storyboard;
			sourceTree = "<group>";
		};
/* End PBXVariantGroup section */

/* Begin XCBuildConfiguration section */
		ED80E2CD20C804C000DCA846 /* Debug */ = {
			isa = XCBuildConfiguration;
			buildSettings = {
				ALWAYS_SEARCH_USER_PATHS = NO;
				CLANG_ANALYZER_NONNULL = YES;
				CLANG_ANALYZER_NUMBER_OBJECT_CONVERSION = YES_AGGRESSIVE;
				CLANG_CXX_LANGUAGE_STANDARD = "gnu++14";
				CLANG_CXX_LIBRARY = "libc++";
				CLANG_ENABLE_MODULES = YES;
				CLANG_ENABLE_OBJC_ARC = YES;
				CLANG_ENABLE_OBJC_WEAK = YES;
				CLANG_WARN_BLOCK_CAPTURE_AUTORELEASING = YES;
				CLANG_WARN_BOOL_CONVERSION = YES;
				CLANG_WARN_COMMA = YES;
				CLANG_WARN_CONSTANT_CONVERSION = YES;
				CLANG_WARN_DEPRECATED_OBJC_IMPLEMENTATIONS = YES;
				CLANG_WARN_DIRECT_OBJC_ISA_USAGE = YES_ERROR;
				CLANG_WARN_DOCUMENTATION_COMMENTS = YES;
				CLANG_WARN_EMPTY_BODY = YES;
				CLANG_WARN_ENUM_CONVERSION = YES;
				CLANG_WARN_INFINITE_RECURSION = YES;
				CLANG_WARN_INT_CONVERSION = YES;
				CLANG_WARN_NON_LITERAL_NULL_CONVERSION = YES;
				CLANG_WARN_OBJC_IMPLICIT_RETAIN_SELF = YES;
				CLANG_WARN_OBJC_LITERAL_CONVERSION = YES;
				CLANG_WARN_OBJC_ROOT_CLASS = YES_ERROR;
				CLANG_WARN_RANGE_LOOP_ANALYSIS = YES;
				CLANG_WARN_STRICT_PROTOTYPES = YES;
				CLANG_WARN_SUSPICIOUS_MOVE = YES;
				CLANG_WARN_UNGUARDED_AVAILABILITY = YES_AGGRESSIVE;
				CLANG_WARN_UNREACHABLE_CODE = YES;
				CLANG_WARN__DUPLICATE_METHOD_MATCH = YES;
				CODE_SIGN_IDENTITY = "iPhone Developer";
				COPY_PHASE_STRIP = NO;
				DEBUG_INFORMATION_FORMAT = dwarf;
				ENABLE_STRICT_OBJC_MSGSEND = YES;
				ENABLE_TESTABILITY = YES;
				GCC_C_LANGUAGE_STANDARD = gnu11;
				GCC_DYNAMIC_NO_PIC = NO;
				GCC_NO_COMMON_BLOCKS = YES;
				GCC_OPTIMIZATION_LEVEL = 0;
				GCC_PREPROCESSOR_DEFINITIONS = (
					"DEBUG=1",
					"$(inherited)",
				);
				GCC_WARN_64_TO_32_BIT_CONVERSION = YES;
				GCC_WARN_ABOUT_RETURN_TYPE = YES_ERROR;
				GCC_WARN_UNDECLARED_SELECTOR = YES;
				GCC_WARN_UNINITIALIZED_AUTOS = YES_AGGRESSIVE;
				GCC_WARN_UNUSED_FUNCTION = YES;
				GCC_WARN_UNUSED_VARIABLE = YES;
				IPHONEOS_DEPLOYMENT_TARGET = 12.0;
				MTL_ENABLE_DEBUG_INFO = INCLUDE_SOURCE;
				ONLY_ACTIVE_ARCH = YES;
				SDKROOT = iphoneos;
				SWIFT_ACTIVE_COMPILATION_CONDITIONS = DEBUG;
				SWIFT_OPTIMIZATION_LEVEL = "-Onone";
			};
			name = Debug;
		};
		ED80E2CE20C804C000DCA846 /* Release */ = {
			isa = XCBuildConfiguration;
			buildSettings = {
				ALWAYS_SEARCH_USER_PATHS = NO;
				CLANG_ANALYZER_NONNULL = YES;
				CLANG_ANALYZER_NUMBER_OBJECT_CONVERSION = YES_AGGRESSIVE;
				CLANG_CXX_LANGUAGE_STANDARD = "gnu++14";
				CLANG_CXX_LIBRARY = "libc++";
				CLANG_ENABLE_MODULES = YES;
				CLANG_ENABLE_OBJC_ARC = YES;
				CLANG_ENABLE_OBJC_WEAK = YES;
				CLANG_WARN_BLOCK_CAPTURE_AUTORELEASING = YES;
				CLANG_WARN_BOOL_CONVERSION = YES;
				CLANG_WARN_COMMA = YES;
				CLANG_WARN_CONSTANT_CONVERSION = YES;
				CLANG_WARN_DEPRECATED_OBJC_IMPLEMENTATIONS = YES;
				CLANG_WARN_DIRECT_OBJC_ISA_USAGE = YES_ERROR;
				CLANG_WARN_DOCUMENTATION_COMMENTS = YES;
				CLANG_WARN_EMPTY_BODY = YES;
				CLANG_WARN_ENUM_CONVERSION = YES;
				CLANG_WARN_INFINITE_RECURSION = YES;
				CLANG_WARN_INT_CONVERSION = YES;
				CLANG_WARN_NON_LITERAL_NULL_CONVERSION = YES;
				CLANG_WARN_OBJC_IMPLICIT_RETAIN_SELF = YES;
				CLANG_WARN_OBJC_LITERAL_CONVERSION = YES;
				CLANG_WARN_OBJC_ROOT_CLASS = YES_ERROR;
				CLANG_WARN_RANGE_LOOP_ANALYSIS = YES;
				CLANG_WARN_STRICT_PROTOTYPES = YES;
				CLANG_WARN_SUSPICIOUS_MOVE = YES;
				CLANG_WARN_UNGUARDED_AVAILABILITY = YES_AGGRESSIVE;
				CLANG_WARN_UNREACHABLE_CODE = YES;
				CLANG_WARN__DUPLICATE_METHOD_MATCH = YES;
				CODE_SIGN_IDENTITY = "iPhone Developer";
				COPY_PHASE_STRIP = NO;
				DEBUG_INFORMATION_FORMAT = "dwarf-with-dsym";
				ENABLE_NS_ASSERTIONS = NO;
				ENABLE_STRICT_OBJC_MSGSEND = YES;
				GCC_C_LANGUAGE_STANDARD = gnu11;
				GCC_NO_COMMON_BLOCKS = YES;
				GCC_WARN_64_TO_32_BIT_CONVERSION = YES;
				GCC_WARN_ABOUT_RETURN_TYPE = YES_ERROR;
				GCC_WARN_UNDECLARED_SELECTOR = YES;
				GCC_WARN_UNINITIALIZED_AUTOS = YES_AGGRESSIVE;
				GCC_WARN_UNUSED_FUNCTION = YES;
				GCC_WARN_UNUSED_VARIABLE = YES;
				IPHONEOS_DEPLOYMENT_TARGET = 12.0;
				MTL_ENABLE_DEBUG_INFO = NO;
				SDKROOT = iphoneos;
				SWIFT_COMPILATION_MODE = wholemodule;
				SWIFT_OPTIMIZATION_LEVEL = "-O";
				VALIDATE_PRODUCT = YES;
			};
			name = Release;
		};
		ED80E2D020C804C000DCA846 /* Debug */ = {
			isa = XCBuildConfiguration;
			buildSettings = {
				ASSETCATALOG_COMPILER_APPICON_NAME = AppIcon;
				CODE_SIGN_ENTITLEMENTS = SiriShortcutsTutorial/SiriShortcutsTutorial.entitlements;
				CODE_SIGN_STYLE = Automatic;
				DEVELOPMENT_TEAM = ZN82UPUDUJ;
				INFOPLIST_FILE = SiriShortcutsTutorial/Info.plist;
				LD_RUNPATH_SEARCH_PATHS = (
					"$(inherited)",
					"@executable_path/Frameworks",
				);
				PRODUCT_BUNDLE_IDENTIFIER = com.thelightprj.SiriShortcutsTutorial;
				PRODUCT_NAME = "$(TARGET_NAME)";
				SWIFT_VERSION = 4.2;
				TARGETED_DEVICE_FAMILY = "1,2";
			};
			name = Debug;
		};
		ED80E2D120C804C000DCA846 /* Release */ = {
			isa = XCBuildConfiguration;
			buildSettings = {
				ASSETCATALOG_COMPILER_APPICON_NAME = AppIcon;
				CODE_SIGN_ENTITLEMENTS = SiriShortcutsTutorial/SiriShortcutsTutorial.entitlements;
				CODE_SIGN_STYLE = Automatic;
				DEVELOPMENT_TEAM = ZN82UPUDUJ;
				INFOPLIST_FILE = SiriShortcutsTutorial/Info.plist;
				LD_RUNPATH_SEARCH_PATHS = (
					"$(inherited)",
					"@executable_path/Frameworks",
				);
				PRODUCT_BUNDLE_IDENTIFIER = com.thelightprj.SiriShortcutsTutorial;
				PRODUCT_NAME = "$(TARGET_NAME)";
				SWIFT_VERSION = 4.2;
				TARGETED_DEVICE_FAMILY = "1,2";
			};
			name = Release;
		};
/* End XCBuildConfiguration section */

/* Begin XCConfigurationList section */
		ED80E2B820C804BE00DCA846 /* Build configuration list for PBXProject "SiriShortcutsTutorial" */ = {
			isa = XCConfigurationList;
			buildConfigurations = (
				ED80E2CD20C804C000DCA846 /* Debug */,
				ED80E2CE20C804C000DCA846 /* Release */,
			);
			defaultConfigurationIsVisible = 0;
			defaultConfigurationName = Release;
		};
		ED80E2CF20C804C000DCA846 /* Build configuration list for PBXNativeTarget "SiriShortcutsTutorial" */ = {
			isa = XCConfigurationList;
			buildConfigurations = (
				ED80E2D020C804C000DCA846 /* Debug */,
				ED80E2D120C804C000DCA846 /* Release */,
			);
			defaultConfigurationIsVisible = 0;
			defaultConfigurationName = Release;
		};
/* End XCConfigurationList section */
	};
	rootObject = ED80E2B520C804BE00DCA846 /* Project object */;
}
